
Microsoft Visual Studio Solution File, Format Version 12.00
# Visual Studio Version 17
VisualStudioVersion = 17.3.32929.385
MinimumVisualStudioVersion = 10.0.40219.1
Project("{FAE04EC0-301F-11D3-BF4B-00C04F79EFBC}") = "SFModule8", "SFModule8.csproj", "{2E24BB04-A831-45D3-A48C-2FF4106B1DF5}"
EndProject
Global
	GlobalSection(SolutionConfigurationPlatforms) = preSolution
		Debug|Any CPU = Debug|Any CPU
		Release|Any CPU = Release|Any CPU
	EndGlobalSection
	GlobalSection(ProjectConfigurationPlatforms) = postSolution
		{2E24BB04-A831-45D3-A48C-2FF4106B1DF5}.Debug|Any CPU.ActiveCfg = Debug|Any CPU
		{2E24BB04-A831-45D3-A48C-2FF4106B1DF5}.Debug|Any CPU.Build.0 = Debug|Any CPU
		{2E24BB04-A831-45D3-A48C-2FF4106B1DF5}.Release|Any CPU.ActiveCfg = Release|Any CPU
		{2E24BB04-A831-45D3-A48C-2FF4106B1DF5}.Release|Any CPU.Build.0 = Release|Any CPU
	EndGlobalSection
	GlobalSection(SolutionProperties) = preSolution
		HideSolutionNode = FALSE
	EndGlobalSection
	GlobalSection(ExtensibilityGlobals) = postSolution
		SolutionGuid = {2D73743A-1FFD-4450-9430-BDF54DF60DE9}
	EndGlobalSection
EndGlobal
