
Microsoft Visual Studio Solution File, Format Version 12.00
# Visual Studio Version 17
VisualStudioVersion = 17.3.32929.385
MinimumVisualStudioVersion = 10.0.40219.1
Project("{FAE04EC0-301F-11D3-BF4B-00C04F79EFBC}") = "Task1", "Task1.csproj", "{2E24BB04-A831-45D3-A48C-2FF4106B1DF5}"
EndProject
Project("{FAE04EC0-301F-11D3-BF4B-00C04F79EFBC}") = "Task2", "..\Task2\Task2.csproj", "{1D2EA3E9-A715-4607-9D47-9C6D774100ED}"
EndProject
Project("{FAE04EC0-301F-11D3-BF4B-00C04F79EFBC}") = "Task3", "..\Task3\Task3.csproj", "{0E5E5C5A-71D7-4504-8412-176940B3D1A8}"
EndProject
Project("{FAE04EC0-301F-11D3-BF4B-00C04F79EFBC}") = "Task4", "..\Task4\Task4.csproj", "{96D79FF9-AF0F-44E9-81B5-48069944DBD9}"
EndProject
Global
	GlobalSection(SolutionConfigurationPlatforms) = preSolution
		Debug|Any CPU = Debug|Any CPU
		Release|Any CPU = Release|Any CPU
	EndGlobalSection
	GlobalSection(ProjectConfigurationPlatforms) = postSolution
		{2E24BB04-A831-45D3-A48C-2FF4106B1DF5}.Debug|Any CPU.ActiveCfg = Debug|Any CPU
		{2E24BB04-A831-45D3-A48C-2FF4106B1DF5}.Debug|Any CPU.Build.0 = Debug|Any CPU
		{2E24BB04-A831-45D3-A48C-2FF4106B1DF5}.Release|Any CPU.ActiveCfg = Release|Any CPU
		{2E24BB04-A831-45D3-A48C-2FF4106B1DF5}.Release|Any CPU.Build.0 = Release|Any CPU
		{1D2EA3E9-A715-4607-9D47-9C6D774100ED}.Debug|Any CPU.ActiveCfg = Debug|Any CPU
		{1D2EA3E9-A715-4607-9D47-9C6D774100ED}.Debug|Any CPU.Build.0 = Debug|Any CPU
		{1D2EA3E9-A715-4607-9D47-9C6D774100ED}.Release|Any CPU.ActiveCfg = Release|Any CPU
		{1D2EA3E9-A715-4607-9D47-9C6D774100ED}.Release|Any CPU.Build.0 = Release|Any CPU
		{0E5E5C5A-71D7-4504-8412-176940B3D1A8}.Debug|Any CPU.ActiveCfg = Debug|Any CPU
		{0E5E5C5A-71D7-4504-8412-176940B3D1A8}.Debug|Any CPU.Build.0 = Debug|Any CPU
		{0E5E5C5A-71D7-4504-8412-176940B3D1A8}.Release|Any CPU.ActiveCfg = Release|Any CPU
		{0E5E5C5A-71D7-4504-8412-176940B3D1A8}.Release|Any CPU.Build.0 = Release|Any CPU
		{96D79FF9-AF0F-44E9-81B5-48069944DBD9}.Debug|Any CPU.ActiveCfg = Debug|Any CPU
		{96D79FF9-AF0F-44E9-81B5-48069944DBD9}.Debug|Any CPU.Build.0 = Debug|Any CPU
		{96D79FF9-AF0F-44E9-81B5-48069944DBD9}.Release|Any CPU.ActiveCfg = Release|Any CPU
		{96D79FF9-AF0F-44E9-81B5-48069944DBD9}.Release|Any CPU.Build.0 = Release|Any CPU
	EndGlobalSection
	GlobalSection(SolutionProperties) = preSolution
		HideSolutionNode = FALSE
	EndGlobalSection
	GlobalSection(ExtensibilityGlobals) = postSolution
		SolutionGuid = {2D73743A-1FFD-4450-9430-BDF54DF60DE9}
	EndGlobalSection
EndGlobal
