
Microsoft Visual Studio Solution File, Format Version 12.00
# Visual Studio Version 17
VisualStudioVersion = 17.3.32929.385
MinimumVisualStudioVersion = 10.0.40219.1
Project("{9A19103F-16F7-4668-BE54-9A1E7A4F7556}") = "Task1", "Task1\Task1.csproj", "{6271DC9A-A924-45AA-B110-76D1626183F7}"
EndProject
Project("{9A19103F-16F7-4668-BE54-9A1E7A4F7556}") = "Task2", "Task2\Task2.csproj", "{34D55D0D-CE09-4FF9-B9BE-1EC22F407733}"
EndProject
Project("{9A19103F-16F7-4668-BE54-9A1E7A4F7556}") = "Task3", "Task3\Task3.csproj", "{8805B359-215B-4ADF-839C-5E8525BBC1B9}"
EndProject
Project("{9A19103F-16F7-4668-BE54-9A1E7A4F7556}") = "FinalTask", "Task4\FinalTask.csproj", "{7CEBE821-15D4-4CC5-A88A-7273A472B6C8}"
EndProject
Global
	GlobalSection(SolutionConfigurationPlatforms) = preSolution
		Debug|Any CPU = Debug|Any CPU
		Release|Any CPU = Release|Any CPU
	EndGlobalSection
	GlobalSection(ProjectConfigurationPlatforms) = postSolution
		{6271DC9A-A924-45AA-B110-76D1626183F7}.Debug|Any CPU.ActiveCfg = Debug|Any CPU
		{6271DC9A-A924-45AA-B110-76D1626183F7}.Debug|Any CPU.Build.0 = Debug|Any CPU
		{6271DC9A-A924-45AA-B110-76D1626183F7}.Release|Any CPU.ActiveCfg = Release|Any CPU
		{6271DC9A-A924-45AA-B110-76D1626183F7}.Release|Any CPU.Build.0 = Release|Any CPU
		{34D55D0D-CE09-4FF9-B9BE-1EC22F407733}.Debug|Any CPU.ActiveCfg = Debug|Any CPU
		{34D55D0D-CE09-4FF9-B9BE-1EC22F407733}.Debug|Any CPU.Build.0 = Debug|Any CPU
		{34D55D0D-CE09-4FF9-B9BE-1EC22F407733}.Release|Any CPU.ActiveCfg = Release|Any CPU
		{34D55D0D-CE09-4FF9-B9BE-1EC22F407733}.Release|Any CPU.Build.0 = Release|Any CPU
		{8805B359-215B-4ADF-839C-5E8525BBC1B9}.Debug|Any CPU.ActiveCfg = Debug|Any CPU
		{8805B359-215B-4ADF-839C-5E8525BBC1B9}.Debug|Any CPU.Build.0 = Debug|Any CPU
		{8805B359-215B-4ADF-839C-5E8525BBC1B9}.Release|Any CPU.ActiveCfg = Release|Any CPU
		{8805B359-215B-4ADF-839C-5E8525BBC1B9}.Release|Any CPU.Build.0 = Release|Any CPU
		{7CEBE821-15D4-4CC5-A88A-7273A472B6C8}.Debug|Any CPU.ActiveCfg = Debug|Any CPU
		{7CEBE821-15D4-4CC5-A88A-7273A472B6C8}.Debug|Any CPU.Build.0 = Debug|Any CPU
		{7CEBE821-15D4-4CC5-A88A-7273A472B6C8}.Release|Any CPU.ActiveCfg = Release|Any CPU
		{7CEBE821-15D4-4CC5-A88A-7273A472B6C8}.Release|Any CPU.Build.0 = Release|Any CPU
	EndGlobalSection
	GlobalSection(SolutionProperties) = preSolution
		HideSolutionNode = FALSE
	EndGlobalSection
	GlobalSection(ExtensibilityGlobals) = postSolution
		SolutionGuid = {2D73743A-1FFD-4450-9430-BDF54DF60DE9}
	EndGlobalSection
EndGlobal
